// !$*UTF8*$!
{
	archiveVersion = 1;
	classes = {
	};
	objectVersion = 56;
	objects = {

/* Begin PBXBuildFile section */
		525EE97B2A2C3ACF00C080D6 /* TicTacToeMultiplayerApp.swift in Sources */ = {isa = PBXBuildFile; fileRef = 525EE97A2A2C3ACF00C080D6 /* TicTacToeMultiplayerApp.swift */; };
		525EE97D2A2C3ACF00C080D6 /* HomeView.swift in Sources */ = {isa = PBXBuildFile; fileRef = 525EE97C2A2C3ACF00C080D6 /* HomeView.swift */; };
		525EE97F2A2C3AD000C080D6 /* Assets.xcassets in Resources */ = {isa = PBXBuildFile; fileRef = 525EE97E2A2C3AD000C080D6 /* Assets.xcassets */; };
		525EE9822A2C3AD000C080D6 /* Preview Assets.xcassets in Resources */ = {isa = PBXBuildFile; fileRef = 525EE9812A2C3AD000C080D6 /* Preview Assets.xcassets */; };
		525EE9892A2C3EC000C080D6 /* GameView.swift in Sources */ = {isa = PBXBuildFile; fileRef = 525EE9882A2C3EC000C080D6 /* GameView.swift */; };
		525EE98C2A2C3F7D00C080D6 /* TTTButton.swift in Sources */ = {isa = PBXBuildFile; fileRef = 525EE98B2A2C3F7D00C080D6 /* TTTButton.swift */; };
		525EE98E2A2C419C00C080D6 /* HomeViewModel.swift in Sources */ = {isa = PBXBuildFile; fileRef = 525EE98D2A2C419C00C080D6 /* HomeViewModel.swift */; };
/* End PBXBuildFile section */

/* Begin PBXFileReference section */
		525EE9772A2C3ACF00C080D6 /* TicTacToeMultiplayer.app */ = {isa = PBXFileReference; explicitFileType = wrapper.application; includeInIndex = 0; path = TicTacToeMultiplayer.app; sourceTree = BUILT_PRODUCTS_DIR; };
		525EE97A2A2C3ACF00C080D6 /* TicTacToeMultiplayerApp.swift */ = {isa = PBXFileReference; lastKnownFileType = sourcecode.swift; path = TicTacToeMultiplayerApp.swift; sourceTree = "<group>"; };
		525EE97C2A2C3ACF00C080D6 /* HomeView.swift */ = {isa = PBXFileReference; lastKnownFileType = sourcecode.swift; path = HomeView.swift; sourceTree = "<group>"; };
		525EE97E2A2C3AD000C080D6 /* Assets.xcassets */ = {isa = PBXFileReference; lastKnownFileType = folder.assetcatalog; path = Assets.xcassets; sourceTree = "<group>"; };
		525EE9812A2C3AD000C080D6 /* Preview Assets.xcassets */ = {isa = PBXFileReference; lastKnownFileType = folder.assetcatalog; path = "Preview Assets.xcassets"; sourceTree = "<group>"; };
		525EE9882A2C3EC000C080D6 /* GameView.swift */ = {isa = PBXFileReference; lastKnownFileType = sourcecode.swift; path = GameView.swift; sourceTree = "<group>"; };
		525EE98B2A2C3F7D00C080D6 /* TTTButton.swift */ = {isa = PBXFileReference; lastKnownFileType = sourcecode.swift; path = TTTButton.swift; sourceTree = "<group>"; };
		525EE98D2A2C419C00C080D6 /* HomeViewModel.swift */ = {isa = PBXFileReference; lastKnownFileType = sourcecode.swift; path = HomeViewModel.swift; sourceTree = "<group>"; };
/* End PBXFileReference section */

/* Begin PBXFrameworksBuildPhase section */
		525EE9742A2C3ACF00C080D6 /* Frameworks */ = {
			isa = PBXFrameworksBuildPhase;
			buildActionMask = 2147483647;
			files = (
			);
			runOnlyForDeploymentPostprocessing = 0;
		};
/* End PBXFrameworksBuildPhase section */

/* Begin PBXGroup section */
		525EE96E2A2C3ACF00C080D6 = {
			isa = PBXGroup;
			children = (
				525EE9792A2C3ACF00C080D6 /* TicTacToeMultiplayer */,
				525EE9782A2C3ACF00C080D6 /* Products */,
			);
			sourceTree = "<group>";
		};
		525EE9782A2C3ACF00C080D6 /* Products */ = {
			isa = PBXGroup;
			children = (
				525EE9772A2C3ACF00C080D6 /* TicTacToeMultiplayer.app */,
			);
			name = Products;
			sourceTree = "<group>";
		};
		525EE9792A2C3ACF00C080D6 /* TicTacToeMultiplayer */ = {
			isa = PBXGroup;
			children = (
				525EE98F2A2C424300C080D6 /* App */,
				525EE9902A2C424900C080D6 /* Core */,
				525EE98A2A2C3F5800C080D6 /* Components */,
				525EE9802A2C3AD000C080D6 /* Preview Content */,
				525EE97E2A2C3AD000C080D6 /* Assets.xcassets */,
			);
			path = TicTacToeMultiplayer;
			sourceTree = "<group>";
		};
		525EE9802A2C3AD000C080D6 /* Preview Content */ = {
			isa = PBXGroup;
			children = (
				525EE9812A2C3AD000C080D6 /* Preview Assets.xcassets */,
			);
			path = "Preview Content";
			sourceTree = "<group>";
		};
		525EE98A2A2C3F5800C080D6 /* Components */ = {
			isa = PBXGroup;
			children = (
				525EE98B2A2C3F7D00C080D6 /* TTTButton.swift */,
			);
			path = Components;
			sourceTree = "<group>";
		};
		525EE98F2A2C424300C080D6 /* App */ = {
			isa = PBXGroup;
			children = (
				525EE97A2A2C3ACF00C080D6 /* TicTacToeMultiplayerApp.swift */,
			);
			path = App;
			sourceTree = "<group>";
		};
		525EE9902A2C424900C080D6 /* Core */ = {
			isa = PBXGroup;
			children = (
				525EE9912A2C425600C080D6 /* HomeView */,
				525EE9922A2C425C00C080D6 /* GameView */,
			);
			path = Core;
			sourceTree = "<group>";
		};
		525EE9912A2C425600C080D6 /* HomeView */ = {
			isa = PBXGroup;
			children = (
				525EE98D2A2C419C00C080D6 /* HomeViewModel.swift */,
				525EE97C2A2C3ACF00C080D6 /* HomeView.swift */,
			);
			path = HomeView;
			sourceTree = "<group>";
		};
		525EE9922A2C425C00C080D6 /* GameView */ = {
			isa = PBXGroup;
			children = (
				525EE9882A2C3EC000C080D6 /* GameView.swift */,
			);
			path = GameView;
			sourceTree = "<group>";
		};
/* End PBXGroup section */

/* Begin PBXNativeTarget section */
		525EE9762A2C3ACF00C080D6 /* TicTacToeMultiplayer */ = {
			isa = PBXNativeTarget;
			buildConfigurationList = 525EE9852A2C3AD000C080D6 /* Build configuration list for PBXNativeTarget "TicTacToeMultiplayer" */;
			buildPhases = (
				525EE9732A2C3ACF00C080D6 /* Sources */,
				525EE9742A2C3ACF00C080D6 /* Frameworks */,
				525EE9752A2C3ACF00C080D6 /* Resources */,
			);
			buildRules = (
			);
			dependencies = (
			);
			name = TicTacToeMultiplayer;
			productName = TicTacToeMultiplayer;
			productReference = 525EE9772A2C3ACF00C080D6 /* TicTacToeMultiplayer.app */;
			productType = "com.apple.product-type.application";
		};
/* End PBXNativeTarget section */

/* Begin PBXProject section */
		525EE96F2A2C3ACF00C080D6 /* Project object */ = {
			isa = PBXProject;
			attributes = {
				BuildIndependentTargetsInParallel = 1;
				LastSwiftUpdateCheck = 1430;
				LastUpgradeCheck = 1430;
				TargetAttributes = {
					525EE9762A2C3ACF00C080D6 = {
						CreatedOnToolsVersion = 14.3;
					};
				};
			};
			buildConfigurationList = 525EE9722A2C3ACF00C080D6 /* Build configuration list for PBXProject "TicTacToeMultiplayer" */;
			compatibilityVersion = "Xcode 14.0";
			developmentRegion = en;
			hasScannedForEncodings = 0;
			knownRegions = (
				en,
				Base,
			);
			mainGroup = 525EE96E2A2C3ACF00C080D6;
			productRefGroup = 525EE9782A2C3ACF00C080D6 /* Products */;
			projectDirPath = "";
			projectRoot = "";
			targets = (
				525EE9762A2C3ACF00C080D6 /* TicTacToeMultiplayer */,
			);
		};
/* End PBXProject section */

/* Begin PBXResourcesBuildPhase section */
		525EE9752A2C3ACF00C080D6 /* Resources */ = {
			isa = PBXResourcesBuildPhase;
			buildActionMask = 2147483647;
			files = (
				525EE9822A2C3AD000C080D6 /* Preview Assets.xcassets in Resources */,
				525EE97F2A2C3AD000C080D6 /* Assets.xcassets in Resources */,
			);
			runOnlyForDeploymentPostprocessing = 0;
		};
/* End PBXResourcesBuildPhase section */

/* Begin PBXSourcesBuildPhase section */
		525EE9732A2C3ACF00C080D6 /* Sources */ = {
			isa = PBXSourcesBuildPhase;
			buildActionMask = 2147483647;
			files = (
				525EE97D2A2C3ACF00C080D6 /* HomeView.swift in Sources */,
				525EE9892A2C3EC000C080D6 /* GameView.swift in Sources */,
				525EE98C2A2C3F7D00C080D6 /* TTTButton.swift in Sources */,
				525EE98E2A2C419C00C080D6 /* HomeViewModel.swift in Sources */,
				525EE97B2A2C3ACF00C080D6 /* TicTacToeMultiplayerApp.swift in Sources */,
			);
			runOnlyForDeploymentPostprocessing = 0;
		};
/* End PBXSourcesBuildPhase section */

/* Begin XCBuildConfiguration section */
		525EE9832A2C3AD000C080D6 /* Debug */ = {
			isa = XCBuildConfiguration;
			buildSettings = {
				ALWAYS_SEARCH_USER_PATHS = NO;
				CLANG_ANALYZER_NONNULL = YES;
				CLANG_ANALYZER_NUMBER_OBJECT_CONVERSION = YES_AGGRESSIVE;
				CLANG_CXX_LANGUAGE_STANDARD = "gnu++20";
				CLANG_ENABLE_MODULES = YES;
				CLANG_ENABLE_OBJC_ARC = YES;
				CLANG_ENABLE_OBJC_WEAK = YES;
				CLANG_WARN_BLOCK_CAPTURE_AUTORELEASING = YES;
				CLANG_WARN_BOOL_CONVERSION = YES;
				CLANG_WARN_COMMA = YES;
				CLANG_WARN_CONSTANT_CONVERSION = YES;
				CLANG_WARN_DEPRECATED_OBJC_IMPLEMENTATIONS = YES;
				CLANG_WARN_DIRECT_OBJC_ISA_USAGE = YES_ERROR;
				CLANG_WARN_DOCUMENTATION_COMMENTS = YES;
				CLANG_WARN_EMPTY_BODY = YES;
				CLANG_WARN_ENUM_CONVERSION = YES;
				CLANG_WARN_INFINITE_RECURSION = YES;
				CLANG_WARN_INT_CONVERSION = YES;
				CLANG_WARN_NON_LITERAL_NULL_CONVERSION = YES;
				CLANG_WARN_OBJC_IMPLICIT_RETAIN_SELF = YES;
				CLANG_WARN_OBJC_LITERAL_CONVERSION = YES;
				CLANG_WARN_OBJC_ROOT_CLASS = YES_ERROR;
				CLANG_WARN_QUOTED_INCLUDE_IN_FRAMEWORK_HEADER = YES;
				CLANG_WARN_RANGE_LOOP_ANALYSIS = YES;
				CLANG_WARN_STRICT_PROTOTYPES = YES;
				CLANG_WARN_SUSPICIOUS_MOVE = YES;
				CLANG_WARN_UNGUARDED_AVAILABILITY = YES_AGGRESSIVE;
				CLANG_WARN_UNREACHABLE_CODE = YES;
				CLANG_WARN__DUPLICATE_METHOD_MATCH = YES;
				COPY_PHASE_STRIP = NO;
				DEBUG_INFORMATION_FORMAT = dwarf;
				ENABLE_STRICT_OBJC_MSGSEND = YES;
				ENABLE_TESTABILITY = YES;
				GCC_C_LANGUAGE_STANDARD = gnu11;
				GCC_DYNAMIC_NO_PIC = NO;
				GCC_NO_COMMON_BLOCKS = YES;
				GCC_OPTIMIZATION_LEVEL = 0;
				GCC_PREPROCESSOR_DEFINITIONS = (
					"DEBUG=1",
					"$(inherited)",
				);
				GCC_WARN_64_TO_32_BIT_CONVERSION = YES;
				GCC_WARN_ABOUT_RETURN_TYPE = YES_ERROR;
				GCC_WARN_UNDECLARED_SELECTOR = YES;
				GCC_WARN_UNINITIALIZED_AUTOS = YES_AGGRESSIVE;
				GCC_WARN_UNUSED_FUNCTION = YES;
				GCC_WARN_UNUSED_VARIABLE = YES;
				IPHONEOS_DEPLOYMENT_TARGET = 16.4;
				MTL_ENABLE_DEBUG_INFO = INCLUDE_SOURCE;
				MTL_FAST_MATH = YES;
				ONLY_ACTIVE_ARCH = YES;
				SDKROOT = iphoneos;
				SWIFT_ACTIVE_COMPILATION_CONDITIONS = DEBUG;
				SWIFT_OPTIMIZATION_LEVEL = "-Onone";
			};
			name = Debug;
		};
		525EE9842A2C3AD000C080D6 /* Release */ = {
			isa = XCBuildConfiguration;
			buildSettings = {
				ALWAYS_SEARCH_USER_PATHS = NO;
				CLANG_ANALYZER_NONNULL = YES;
				CLANG_ANALYZER_NUMBER_OBJECT_CONVERSION = YES_AGGRESSIVE;
				CLANG_CXX_LANGUAGE_STANDARD = "gnu++20";
				CLANG_ENABLE_MODULES = YES;
				CLANG_ENABLE_OBJC_ARC = YES;
				CLANG_ENABLE_OBJC_WEAK = YES;
				CLANG_WARN_BLOCK_CAPTURE_AUTORELEASING = YES;
				CLANG_WARN_BOOL_CONVERSION = YES;
				CLANG_WARN_COMMA = YES;
				CLANG_WARN_CONSTANT_CONVERSION = YES;
				CLANG_WARN_DEPRECATED_OBJC_IMPLEMENTATIONS = YES;
				CLANG_WARN_DIRECT_OBJC_ISA_USAGE = YES_ERROR;
				CLANG_WARN_DOCUMENTATION_COMMENTS = YES;
				CLANG_WARN_EMPTY_BODY = YES;
				CLANG_WARN_ENUM_CONVERSION = YES;
				CLANG_WARN_INFINITE_RECURSION = YES;
				CLANG_WARN_INT_CONVERSION = YES;
				CLANG_WARN_NON_LITERAL_NULL_CONVERSION = YES;
				CLANG_WARN_OBJC_IMPLICIT_RETAIN_SELF = YES;
				CLANG_WARN_OBJC_LITERAL_CONVERSION = YES;
				CLANG_WARN_OBJC_ROOT_CLASS = YES_ERROR;
				CLANG_WARN_QUOTED_INCLUDE_IN_FRAMEWORK_HEADER = YES;
				CLANG_WARN_RANGE_LOOP_ANALYSIS = YES;
				CLANG_WARN_STRICT_PROTOTYPES = YES;
				CLANG_WARN_SUSPICIOUS_MOVE = YES;
				CLANG_WARN_UNGUARDED_AVAILABILITY = YES_AGGRESSIVE;
				CLANG_WARN_UNREACHABLE_CODE = YES;
				CLANG_WARN__DUPLICATE_METHOD_MATCH = YES;
				COPY_PHASE_STRIP = NO;
				DEBUG_INFORMATION_FORMAT = "dwarf-with-dsym";
				ENABLE_NS_ASSERTIONS = NO;
				ENABLE_STRICT_OBJC_MSGSEND = YES;
				GCC_C_LANGUAGE_STANDARD = gnu11;
				GCC_NO_COMMON_BLOCKS = YES;
				GCC_WARN_64_TO_32_BIT_CONVERSION = YES;
				GCC_WARN_ABOUT_RETURN_TYPE = YES_ERROR;
				GCC_WARN_UNDECLARED_SELECTOR = YES;
				GCC_WARN_UNINITIALIZED_AUTOS = YES_AGGRESSIVE;
				GCC_WARN_UNUSED_FUNCTION = YES;
				GCC_WARN_UNUSED_VARIABLE = YES;
				IPHONEOS_DEPLOYMENT_TARGET = 16.4;
				MTL_ENABLE_DEBUG_INFO = NO;
				MTL_FAST_MATH = YES;
				SDKROOT = iphoneos;
				SWIFT_COMPILATION_MODE = wholemodule;
				SWIFT_OPTIMIZATION_LEVEL = "-O";
				VALIDATE_PRODUCT = YES;
			};
			name = Release;
		};
		525EE9862A2C3AD000C080D6 /* Debug */ = {
			isa = XCBuildConfiguration;
			buildSettings = {
				ASSETCATALOG_COMPILER_APPICON_NAME = AppIcon;
				ASSETCATALOG_COMPILER_GLOBAL_ACCENT_COLOR_NAME = AccentColor;
				CODE_SIGN_STYLE = Automatic;
				CURRENT_PROJECT_VERSION = 1;
				DEVELOPMENT_ASSET_PATHS = "\"TicTacToeMultiplayer/Preview Content\"";
				DEVELOPMENT_TEAM = QZ46JW4C9U;
				ENABLE_PREVIEWS = YES;
				GENERATE_INFOPLIST_FILE = YES;
				INFOPLIST_KEY_UIApplicationSceneManifest_Generation = YES;
				INFOPLIST_KEY_UIApplicationSupportsIndirectInputEvents = YES;
				INFOPLIST_KEY_UILaunchScreen_Generation = YES;
				INFOPLIST_KEY_UISupportedInterfaceOrientations_iPad = "UIInterfaceOrientationPortrait UIInterfaceOrientationPortraitUpsideDown UIInterfaceOrientationLandscapeLeft UIInterfaceOrientationLandscapeRight";
				INFOPLIST_KEY_UISupportedInterfaceOrientations_iPhone = "UIInterfaceOrientationPortrait UIInterfaceOrientationLandscapeLeft UIInterfaceOrientationLandscapeRight";
				LD_RUNPATH_SEARCH_PATHS = (
					"$(inherited)",
					"@executable_path/Frameworks",
				);
				MARKETING_VERSION = 1.0;
				PRODUCT_BUNDLE_IDENTIFIER = com.mcantop.TicTacToeMultiplayer;
				PRODUCT_NAME = "$(TARGET_NAME)";
				SWIFT_EMIT_LOC_STRINGS = YES;
				SWIFT_VERSION = 5.0;
				TARGETED_DEVICE_FAMILY = "1,2";
			};
			name = Debug;
		};
		525EE9872A2C3AD000C080D6 /* Release */ = {
			isa = XCBuildConfiguration;
			buildSettings = {
				ASSETCATALOG_COMPILER_APPICON_NAME = AppIcon;
				ASSETCATALOG_COMPILER_GLOBAL_ACCENT_COLOR_NAME = AccentColor;
				CODE_SIGN_STYLE = Automatic;
				CURRENT_PROJECT_VERSION = 1;
				DEVELOPMENT_ASSET_PATHS = "\"TicTacToeMultiplayer/Preview Content\"";
				DEVELOPMENT_TEAM = QZ46JW4C9U;
				ENABLE_PREVIEWS = YES;
				GENERATE_INFOPLIST_FILE = YES;
				INFOPLIST_KEY_UIApplicationSceneManifest_Generation = YES;
				INFOPLIST_KEY_UIApplicationSupportsIndirectInputEvents = YES;
				INFOPLIST_KEY_UILaunchScreen_Generation = YES;
				INFOPLIST_KEY_UISupportedInterfaceOrientations_iPad = "UIInterfaceOrientationPortrait UIInterfaceOrientationPortraitUpsideDown UIInterfaceOrientationLandscapeLeft UIInterfaceOrientationLandscapeRight";
				INFOPLIST_KEY_UISupportedInterfaceOrientations_iPhone = "UIInterfaceOrientationPortrait UIInterfaceOrientationLandscapeLeft UIInterfaceOrientationLandscapeRight";
				LD_RUNPATH_SEARCH_PATHS = (
					"$(inherited)",
					"@executable_path/Frameworks",
				);
				MARKETING_VERSION = 1.0;
				PRODUCT_BUNDLE_IDENTIFIER = com.mcantop.TicTacToeMultiplayer;
				PRODUCT_NAME = "$(TARGET_NAME)";
				SWIFT_EMIT_LOC_STRINGS = YES;
				SWIFT_VERSION = 5.0;
				TARGETED_DEVICE_FAMILY = "1,2";
			};
			name = Release;
		};
/* End XCBuildConfiguration section */

/* Begin XCConfigurationList section */
		525EE9722A2C3ACF00C080D6 /* Build configuration list for PBXProject "TicTacToeMultiplayer" */ = {
			isa = XCConfigurationList;
			buildConfigurations = (
				525EE9832A2C3AD000C080D6 /* Debug */,
				525EE9842A2C3AD000C080D6 /* Release */,
			);
			defaultConfigurationIsVisible = 0;
			defaultConfigurationName = Release;
		};
		525EE9852A2C3AD000C080D6 /* Build configuration list for PBXNativeTarget "TicTacToeMultiplayer" */ = {
			isa = XCConfigurationList;
			buildConfigurations = (
				525EE9862A2C3AD000C080D6 /* Debug */,
				525EE9872A2C3AD000C080D6 /* Release */,
			);
			defaultConfigurationIsVisible = 0;
			defaultConfigurationName = Release;
		};
/* End XCConfigurationList section */
	};
	rootObject = 525EE96F2A2C3ACF00C080D6 /* Project object */;
}
